
Microsoft Visual Studio Solution File, Format Version 12.00
# Visual Studio Version 16
VisualStudioVersion = 16.0.29728.190
MinimumVisualStudioVersion = 10.0.40219.1
Project("{FAE04EC0-301F-11D3-BF4B-00C04F79EFBC}") = "Quiz_Objects_Question_Bank", "Quiz_Objects\Quiz_Objects_Question_Bank.csproj", "{BFFAC1DC-F971-4960-96E4-572FED77AE79}"
EndProject
Global
	GlobalSection(SolutionConfigurationPlatforms) = preSolution
		Debug|Any CPU = Debug|Any CPU
		Release|Any CPU = Release|Any CPU
	EndGlobalSection
	GlobalSection(ProjectConfigurationPlatforms) = postSolution
		{BFFAC1DC-F971-4960-96E4-572FED77AE79}.Debug|Any CPU.ActiveCfg = Debug|Any CPU
		{BFFAC1DC-F971-4960-96E4-572FED77AE79}.Debug|Any CPU.Build.0 = Debug|Any CPU
		{BFFAC1DC-F971-4960-96E4-572FED77AE79}.Release|Any CPU.ActiveCfg = Release|Any CPU
		{BFFAC1DC-F971-4960-96E4-572FED77AE79}.Release|Any CPU.Build.0 = Release|Any CPU
	EndGlobalSection
	GlobalSection(SolutionProperties) = preSolution
		HideSolutionNode = FALSE
	EndGlobalSection
	GlobalSection(ExtensibilityGlobals) = postSolution
		SolutionGuid = {B19EE955-7DA1-44CB-B8AD-09529F056717}
	EndGlobalSection
EndGlobal
